
Microsoft Visual Studio Solution File, Format Version 12.00
# Visual Studio Version 17
VisualStudioVersion = 17.9.34622.214
MinimumVisualStudioVersion = 10.0.40219.1
Project("{8BC9CEB8-8B4A-11D0-8D11-00A0C91BC942}") = "NC_project", "NC_project.vcxproj", "{7B165253-260A-4362-A90C-8B3B34D6FD2B}"
	ProjectSection(ProjectDependencies) = postProject
		{E489A372-4ECB-4BD2-9AB8-FD6A86E00F3B} = {E489A372-4ECB-4BD2-9AB8-FD6A86E00F3B}
		{E94E8DAE-AF17-4958-AA7D-C35BE9783DA3} = {E94E8DAE-AF17-4958-AA7D-C35BE9783DA3}
	EndProjectSection
EndProject
Project("{8BC9CEB8-8B4A-11D0-8D11-00A0C91BC942}") = "GameEnv", "GameEnv\GameEnv.vcxproj", "{E489A372-4ECB-4BD2-9AB8-FD6A86E00F3B}"
EndProject
Project("{8BC9CEB8-8B4A-11D0-8D11-00A0C91BC942}") = "Players", "Players\Players.vcxproj", "{E94E8DAE-AF17-4958-AA7D-C35BE9783DA3}"
	ProjectSection(ProjectDependencies) = postProject
		{E489A372-4ECB-4BD2-9AB8-FD6A86E00F3B} = {E489A372-4ECB-4BD2-9AB8-FD6A86E00F3B}
	EndProjectSection
EndProject
Project("{8BC9CEB8-8B4A-11D0-8D11-00A0C91BC942}") = "GenAlgo", "GenAlgo\GenAlgo.vcxproj", "{339EDAD5-0348-4EB9-9EE7-9D64540EF107}"
	ProjectSection(ProjectDependencies) = postProject
		{E489A372-4ECB-4BD2-9AB8-FD6A86E00F3B} = {E489A372-4ECB-4BD2-9AB8-FD6A86E00F3B}
		{E94E8DAE-AF17-4958-AA7D-C35BE9783DA3} = {E94E8DAE-AF17-4958-AA7D-C35BE9783DA3}
	EndProjectSection
EndProject
Project("{8BC9CEB8-8B4A-11D0-8D11-00A0C91BC942}") = "MLPlayground", "MLPlayground\MLPlayground.vcxproj", "{07B2E2DA-297F-47C9-91B7-EA5AEB0F8DAD}"
	ProjectSection(ProjectDependencies) = postProject
		{E489A372-4ECB-4BD2-9AB8-FD6A86E00F3B} = {E489A372-4ECB-4BD2-9AB8-FD6A86E00F3B}
		{E94E8DAE-AF17-4958-AA7D-C35BE9783DA3} = {E94E8DAE-AF17-4958-AA7D-C35BE9783DA3}
	EndProjectSection
EndProject
Global
	GlobalSection(SolutionConfigurationPlatforms) = preSolution
		Debug|x64 = Debug|x64
		Debug|x86 = Debug|x86
		Release|x64 = Release|x64
		Release|x86 = Release|x86
	EndGlobalSection
	GlobalSection(ProjectConfigurationPlatforms) = postSolution
		{7B165253-260A-4362-A90C-8B3B34D6FD2B}.Debug|x64.ActiveCfg = Debug|x64
		{7B165253-260A-4362-A90C-8B3B34D6FD2B}.Debug|x64.Build.0 = Debug|x64
		{7B165253-260A-4362-A90C-8B3B34D6FD2B}.Debug|x86.ActiveCfg = Debug|Win32
		{7B165253-260A-4362-A90C-8B3B34D6FD2B}.Debug|x86.Build.0 = Debug|Win32
		{7B165253-260A-4362-A90C-8B3B34D6FD2B}.Release|x64.ActiveCfg = Release|x64
		{7B165253-260A-4362-A90C-8B3B34D6FD2B}.Release|x64.Build.0 = Release|x64
		{7B165253-260A-4362-A90C-8B3B34D6FD2B}.Release|x86.ActiveCfg = Release|Win32
		{7B165253-260A-4362-A90C-8B3B34D6FD2B}.Release|x86.Build.0 = Release|Win32
		{E489A372-4ECB-4BD2-9AB8-FD6A86E00F3B}.Debug|x64.ActiveCfg = Debug|x64
		{E489A372-4ECB-4BD2-9AB8-FD6A86E00F3B}.Debug|x64.Build.0 = Debug|x64
		{E489A372-4ECB-4BD2-9AB8-FD6A86E00F3B}.Debug|x86.ActiveCfg = Debug|Win32
		{E489A372-4ECB-4BD2-9AB8-FD6A86E00F3B}.Debug|x86.Build.0 = Debug|Win32
		{E489A372-4ECB-4BD2-9AB8-FD6A86E00F3B}.Release|x64.ActiveCfg = Release|x64
		{E489A372-4ECB-4BD2-9AB8-FD6A86E00F3B}.Release|x64.Build.0 = Release|x64
		{E489A372-4ECB-4BD2-9AB8-FD6A86E00F3B}.Release|x86.ActiveCfg = Release|Win32
		{E489A372-4ECB-4BD2-9AB8-FD6A86E00F3B}.Release|x86.Build.0 = Release|Win32
		{E94E8DAE-AF17-4958-AA7D-C35BE9783DA3}.Debug|x64.ActiveCfg = Debug|x64
		{E94E8DAE-AF17-4958-AA7D-C35BE9783DA3}.Debug|x64.Build.0 = Debug|x64
		{E94E8DAE-AF17-4958-AA7D-C35BE9783DA3}.Debug|x86.ActiveCfg = Debug|Win32
		{E94E8DAE-AF17-4958-AA7D-C35BE9783DA3}.Debug|x86.Build.0 = Debug|Win32
		{E94E8DAE-AF17-4958-AA7D-C35BE9783DA3}.Release|x64.ActiveCfg = Release|x64
		{E94E8DAE-AF17-4958-AA7D-C35BE9783DA3}.Release|x64.Build.0 = Release|x64
		{E94E8DAE-AF17-4958-AA7D-C35BE9783DA3}.Release|x86.ActiveCfg = Release|Win32
		{E94E8DAE-AF17-4958-AA7D-C35BE9783DA3}.Release|x86.Build.0 = Release|Win32
		{339EDAD5-0348-4EB9-9EE7-9D64540EF107}.Debug|x64.ActiveCfg = Debug|x64
		{339EDAD5-0348-4EB9-9EE7-9D64540EF107}.Debug|x64.Build.0 = Debug|x64
		{339EDAD5-0348-4EB9-9EE7-9D64540EF107}.Debug|x86.ActiveCfg = Debug|Win32
		{339EDAD5-0348-4EB9-9EE7-9D64540EF107}.Debug|x86.Build.0 = Debug|Win32
		{339EDAD5-0348-4EB9-9EE7-9D64540EF107}.Release|x64.ActiveCfg = Release|x64
		{339EDAD5-0348-4EB9-9EE7-9D64540EF107}.Release|x64.Build.0 = Release|x64
		{339EDAD5-0348-4EB9-9EE7-9D64540EF107}.Release|x86.ActiveCfg = Release|Win32
		{339EDAD5-0348-4EB9-9EE7-9D64540EF107}.Release|x86.Build.0 = Release|Win32
		{07B2E2DA-297F-47C9-91B7-EA5AEB0F8DAD}.Debug|x64.ActiveCfg = Debug|x64
		{07B2E2DA-297F-47C9-91B7-EA5AEB0F8DAD}.Debug|x64.Build.0 = Debug|x64
		{07B2E2DA-297F-47C9-91B7-EA5AEB0F8DAD}.Debug|x86.ActiveCfg = Debug|Win32
		{07B2E2DA-297F-47C9-91B7-EA5AEB0F8DAD}.Debug|x86.Build.0 = Debug|Win32
		{07B2E2DA-297F-47C9-91B7-EA5AEB0F8DAD}.Release|x64.ActiveCfg = Release|x64
		{07B2E2DA-297F-47C9-91B7-EA5AEB0F8DAD}.Release|x64.Build.0 = Release|x64
		{07B2E2DA-297F-47C9-91B7-EA5AEB0F8DAD}.Release|x86.ActiveCfg = Release|Win32
		{07B2E2DA-297F-47C9-91B7-EA5AEB0F8DAD}.Release|x86.Build.0 = Release|Win32
	EndGlobalSection
	GlobalSection(SolutionProperties) = preSolution
		HideSolutionNode = FALSE
	EndGlobalSection
	GlobalSection(ExtensibilityGlobals) = postSolution
		SolutionGuid = {D95C0EDB-7699-4084-ADAF-B58FA69239CE}
	EndGlobalSection
EndGlobal
